// !$*UTF8*$!
{
	archiveVersion = 1;
	classes = {
	};
	objectVersion = 77;
	objects = {

/* Begin PBXBuildFile section */
		4E5652000000000000000010 /* RemoteCore in Frameworks */ = {isa = PBXBuildFile; productRef = 4E5652000000000000000020 /* RemoteCore */; };
/* End PBXBuildFile section */

/* Begin PBXFileReference section */
		4E5652000000000000000030 /* NVDA Remote.app */ = {isa = PBXFileReference; explicitFileType = wrapper.application; includeInIndex = 0; path = "NVDA Remote.app"; sourceTree = BUILT_PRODUCTS_DIR; };
		4E5652000000000000000035 /* NVDARemote */ = {isa = PBXFileReference; lastKnownFileType = wrapper; path = NVDARemote; sourceTree = "<group>"; };
/* End PBXFileReference section */

/* Begin PBXFileSystemSynchronizedRootGroup section */
		4E5652000000000000000040 /* App */ = {
			isa = PBXFileSystemSynchronizedRootGroup;
			path = App;
			sourceTree = "<group>";
		};
/* End PBXFileSystemSynchronizedRootGroup section */

/* Begin PBXFrameworksBuildPhase section */
		4E5652000000000000000050 /* Frameworks */ = {
			isa = PBXFrameworksBuildPhase;
			buildActionMask = 2147483647;
			files = (
				4E5652000000000000000010 /* RemoteCore in Frameworks */,
			);
			runOnlyForDeploymentPostprocessing = 0;
		};
/* End PBXFrameworksBuildPhase section */

/* Begin PBXGroup section */
		4E5652000000000000000060 = {
			isa = PBXGroup;
			children = (
				4E5652000000000000000040 /* App */,
				4E5652000000000000000035 /* NVDARemote */,
				4E5652000000000000000070 /* Products */,
			);
			sourceTree = "<group>";
		};
		4E5652000000000000000070 /* Products */ = {
			isa = PBXGroup;
			children = (
				4E5652000000000000000030 /* NVDA Remote.app */,
			);
			name = Products;
			sourceTree = "<group>";
		};
/* End PBXGroup section */

/* Begin PBXNativeTarget section */
		4E5652000000000000000080 /* NVDARemoteApp */ = {
			isa = PBXNativeTarget;
			buildConfigurationList = 4E56520000000000000000A0 /* Build configuration list for PBXNativeTarget "NVDARemoteApp" */;
			buildPhases = (
				4E5652000000000000000090 /* Sources */,
				4E5652000000000000000050 /* Frameworks */,
				4E5652000000000000000091 /* Resources */,
			);
			buildRules = (
			);
			dependencies = (
			);
			fileSystemSynchronizedGroups = (
				4E5652000000000000000040 /* App */,
			);
			name = NVDARemoteApp;
			packageProductDependencies = (
				4E5652000000000000000020 /* RemoteCore */,
			);
			productName = NVDARemoteApp;
			productReference = 4E5652000000000000000030 /* NVDA Remote.app */;
			productType = "com.apple.product-type.application";
		};
/* End PBXNativeTarget section */

/* Begin PBXProject section */
		4E56520000000000000000B0 /* Project object */ = {
			isa = PBXProject;
			attributes = {
				BuildIndependentTargetsInParallel = 1;
				LastSwiftUpdateCheck = 2700;
				LastUpgradeCheck = 2700;
				TargetAttributes = {
					4E5652000000000000000080 = {
						CreatedOnToolsVersion = 27.0;
					};
				};
			};
			buildConfigurationList = 4E56520000000000000000C0 /* Build configuration list for PBXProject "NVDARemote" */;
			developmentRegion = en;
			hasScannedForEncodings = 0;
			knownRegions = (
				en,
				fr,
				Base,
			);
			mainGroup = 4E5652000000000000000060;
			minimizedProjectReferenceProxies = 1;
			packageReferences = (
				4E56520000000000000000D0 /* XCLocalSwiftPackageReference "NVDARemote" */,
			);
			preferredProjectObjectVersion = 77;
			productRefGroup = 4E5652000000000000000070 /* Products */;
			projectDirPath = "";
			projectRoot = "";
			targets = (
				4E5652000000000000000080 /* NVDARemoteApp */,
			);
		};
/* End PBXProject section */

/* Begin PBXResourcesBuildPhase section */
		4E5652000000000000000091 /* Resources */ = {
			isa = PBXResourcesBuildPhase;
			buildActionMask = 2147483647;
			files = (
			);
			runOnlyForDeploymentPostprocessing = 0;
		};
/* End PBXResourcesBuildPhase section */

/* Begin PBXSourcesBuildPhase section */
		4E5652000000000000000090 /* Sources */ = {
			isa = PBXSourcesBuildPhase;
			buildActionMask = 2147483647;
			files = (
			);
			runOnlyForDeploymentPostprocessing = 0;
		};
/* End PBXSourcesBuildPhase section */

/* Begin XCBuildConfiguration section */
		4E56520000000000000000C1 /* Debug */ = {
			isa = XCBuildConfiguration;
			buildSettings = {
				ALWAYS_SEARCH_USER_PATHS = NO;
				ASSETCATALOG_COMPILER_GENERATE_SWIFT_ASSET_SYMBOL_EXTENSIONS = YES;
				CLANG_ENABLE_MODULES = YES;
				CLANG_ENABLE_OBJC_ARC = YES;
				COPY_PHASE_STRIP = NO;
				DEBUG_INFORMATION_FORMAT = dwarf;
				ENABLE_STRICT_OBJC_MSGSEND = YES;
				ENABLE_TESTABILITY = YES;
				ENABLE_USER_SCRIPT_SANDBOXING = YES;
				GCC_OPTIMIZATION_LEVEL = 0;
				GCC_PREPROCESSOR_DEFINITIONS = (
					"DEBUG=1",
					"$(inherited)",
				);
				MACOSX_DEPLOYMENT_TARGET = 14.0;
				ONLY_ACTIVE_ARCH = YES;
				SDKROOT = macosx;
				SWIFT_ACTIVE_COMPILATION_CONDITIONS = "DEBUG $(inherited)";
				SWIFT_OPTIMIZATION_LEVEL = "-Onone";
			};
			name = Debug;
		};
		4E56520000000000000000C2 /* Release */ = {
			isa = XCBuildConfiguration;
			buildSettings = {
				ALWAYS_SEARCH_USER_PATHS = NO;
				ASSETCATALOG_COMPILER_GENERATE_SWIFT_ASSET_SYMBOL_EXTENSIONS = YES;
				CLANG_ENABLE_MODULES = YES;
				CLANG_ENABLE_OBJC_ARC = YES;
				COPY_PHASE_STRIP = NO;
				DEBUG_INFORMATION_FORMAT = "dwarf-with-dsym";
				ENABLE_NS_ASSERTIONS = NO;
				ENABLE_STRICT_OBJC_MSGSEND = YES;
				ENABLE_USER_SCRIPT_SANDBOXING = YES;
				MACOSX_DEPLOYMENT_TARGET = 14.0;
				SDKROOT = macosx;
				SWIFT_COMPILATION_MODE = wholemodule;
			};
			name = Release;
		};
		4E56520000000000000000A1 /* Debug */ = {
			isa = XCBuildConfiguration;
			buildSettings = {
				CODE_SIGN_STYLE = Automatic;
				COMBINE_HIDPI_IMAGES = YES;
				CURRENT_PROJECT_VERSION = 1;
				DEVELOPMENT_TEAM = 633EG76YX5;
				ENABLE_HARDENED_RUNTIME = YES;
				GENERATE_INFOPLIST_FILE = YES;
				INFOPLIST_KEY_CFBundleDisplayName = "NVDA Remote";
				INFOPLIST_KEY_LSApplicationCategoryType = "public.app-category.utilities";
				LD_RUNPATH_SEARCH_PATHS = (
					"$(inherited)",
					"@executable_path/../Frameworks",
				);
				MARKETING_VERSION = 0.1;
				PRODUCT_BUNDLE_IDENTIFIER = com.math65.nvdaremote;
				PRODUCT_NAME = "NVDA Remote";
				SWIFT_EMIT_LOC_STRINGS = YES;
				SWIFT_VERSION = 6.0;
			};
			name = Debug;
		};
		4E56520000000000000000A2 /* Release */ = {
			isa = XCBuildConfiguration;
			buildSettings = {
				CODE_SIGN_STYLE = Automatic;
				COMBINE_HIDPI_IMAGES = YES;
				CURRENT_PROJECT_VERSION = 1;
				DEVELOPMENT_TEAM = 633EG76YX5;
				ENABLE_HARDENED_RUNTIME = YES;
				GENERATE_INFOPLIST_FILE = YES;
				INFOPLIST_KEY_CFBundleDisplayName = "NVDA Remote";
				INFOPLIST_KEY_LSApplicationCategoryType = "public.app-category.utilities";
				LD_RUNPATH_SEARCH_PATHS = (
					"$(inherited)",
					"@executable_path/../Frameworks",
				);
				MARKETING_VERSION = 0.1;
				PRODUCT_BUNDLE_IDENTIFIER = com.math65.nvdaremote;
				PRODUCT_NAME = "NVDA Remote";
				SWIFT_EMIT_LOC_STRINGS = YES;
				SWIFT_VERSION = 6.0;
			};
			name = Release;
		};
/* End XCBuildConfiguration section */

/* Begin XCConfigurationList section */
		4E56520000000000000000A0 /* Build configuration list for PBXNativeTarget "NVDARemoteApp" */ = {
			isa = XCConfigurationList;
			buildConfigurations = (
				4E56520000000000000000A1 /* Debug */,
				4E56520000000000000000A2 /* Release */,
			);
			defaultConfigurationIsVisible = 0;
			defaultConfigurationName = Release;
		};
		4E56520000000000000000C0 /* Build configuration list for PBXProject "NVDARemote" */ = {
			isa = XCConfigurationList;
			buildConfigurations = (
				4E56520000000000000000C1 /* Debug */,
				4E56520000000000000000C2 /* Release */,
			);
			defaultConfigurationIsVisible = 0;
			defaultConfigurationName = Release;
		};
/* End XCConfigurationList section */

/* Begin XCLocalSwiftPackageReference section */
		4E56520000000000000000D0 /* XCLocalSwiftPackageReference "NVDARemote" */ = {
			isa = XCLocalSwiftPackageReference;
			relativePath = NVDARemote;
		};
/* End XCLocalSwiftPackageReference section */

/* Begin XCSwiftPackageProductDependency section */
		4E5652000000000000000020 /* RemoteCore */ = {
			isa = XCSwiftPackageProductDependency;
			productName = RemoteCore;
		};
/* End XCSwiftPackageProductDependency section */
	};
	rootObject = 4E56520000000000000000B0 /* Project object */;
}
